
Microsoft Visual Studio Solution File, Format Version 12.00
# Visual Studio Version 17
VisualStudioVersion = 17.3.32804.467
MinimumVisualStudioVersion = 10.0.40219.1
Project("{FAE04EC0-301F-11D3-BF4B-00C04F79EFBC}") = "001", "001\001.csproj", "{9834B101-5CB7-4CAD-B3D1-2EB9AF82E541}"
EndProject
Project("{FAE04EC0-301F-11D3-BF4B-00C04F79EFBC}") = "002", "002\002.csproj", "{49CDEA98-8B5E-4BD9-A15A-61858D482B76}"
EndProject
Project("{FAE04EC0-301F-11D3-BF4B-00C04F79EFBC}") = "003", "003\003.csproj", "{04185901-8A75-4D81-8A63-0BCDF32F0BA7}"
EndProject
Global
	GlobalSection(SolutionConfigurationPlatforms) = preSolution
		Debug|Any CPU = Debug|Any CPU
		Release|Any CPU = Release|Any CPU
	EndGlobalSection
	GlobalSection(ProjectConfigurationPlatforms) = postSolution
		{9834B101-5CB7-4CAD-B3D1-2EB9AF82E541}.Debug|Any CPU.ActiveCfg = Debug|Any CPU
		{9834B101-5CB7-4CAD-B3D1-2EB9AF82E541}.Debug|Any CPU.Build.0 = Debug|Any CPU
		{9834B101-5CB7-4CAD-B3D1-2EB9AF82E541}.Release|Any CPU.ActiveCfg = Release|Any CPU
		{9834B101-5CB7-4CAD-B3D1-2EB9AF82E541}.Release|Any CPU.Build.0 = Release|Any CPU
		{49CDEA98-8B5E-4BD9-A15A-61858D482B76}.Debug|Any CPU.ActiveCfg = Debug|Any CPU
		{49CDEA98-8B5E-4BD9-A15A-61858D482B76}.Debug|Any CPU.Build.0 = Debug|Any CPU
		{49CDEA98-8B5E-4BD9-A15A-61858D482B76}.Release|Any CPU.ActiveCfg = Release|Any CPU
		{49CDEA98-8B5E-4BD9-A15A-61858D482B76}.Release|Any CPU.Build.0 = Release|Any CPU
		{04185901-8A75-4D81-8A63-0BCDF32F0BA7}.Debug|Any CPU.ActiveCfg = Debug|Any CPU
		{04185901-8A75-4D81-8A63-0BCDF32F0BA7}.Debug|Any CPU.Build.0 = Debug|Any CPU
		{04185901-8A75-4D81-8A63-0BCDF32F0BA7}.Release|Any CPU.ActiveCfg = Release|Any CPU
		{04185901-8A75-4D81-8A63-0BCDF32F0BA7}.Release|Any CPU.Build.0 = Release|Any CPU
	EndGlobalSection
	GlobalSection(SolutionProperties) = preSolution
		HideSolutionNode = FALSE
	EndGlobalSection
	GlobalSection(ExtensibilityGlobals) = postSolution
		SolutionGuid = {01A40023-DE67-4C60-94E3-9FCF2509708A}
	EndGlobalSection
EndGlobal
