
Microsoft Visual Studio Solution File, Format Version 12.00
# Visual Studio Version 17
VisualStudioVersion = 17.3.32804.467
MinimumVisualStudioVersion = 10.0.40219.1
Project("{FAE04EC0-301F-11D3-BF4B-00C04F79EFBC}") = "001", "001\001.csproj", "{C21827A4-3642-401D-8A31-4BF88FE6E39F}"
EndProject
Project("{FAE04EC0-301F-11D3-BF4B-00C04F79EFBC}") = "002", "002\002.csproj", "{40CADB16-0C85-4EC6-874A-349FBDB9204F}"
EndProject
Project("{FAE04EC0-301F-11D3-BF4B-00C04F79EFBC}") = "003", "003\003.csproj", "{6329B633-F93E-492C-BB28-9D4FBD0CE61F}"
EndProject
Project("{FAE04EC0-301F-11D3-BF4B-00C04F79EFBC}") = "004", "004\004.csproj", "{5FCB66FA-510F-445D-A2FE-BF6710B8B0B9}"
EndProject
Global
	GlobalSection(SolutionConfigurationPlatforms) = preSolution
		Debug|Any CPU = Debug|Any CPU
		Release|Any CPU = Release|Any CPU
	EndGlobalSection
	GlobalSection(ProjectConfigurationPlatforms) = postSolution
		{C21827A4-3642-401D-8A31-4BF88FE6E39F}.Debug|Any CPU.ActiveCfg = Debug|Any CPU
		{C21827A4-3642-401D-8A31-4BF88FE6E39F}.Debug|Any CPU.Build.0 = Debug|Any CPU
		{C21827A4-3642-401D-8A31-4BF88FE6E39F}.Release|Any CPU.ActiveCfg = Release|Any CPU
		{C21827A4-3642-401D-8A31-4BF88FE6E39F}.Release|Any CPU.Build.0 = Release|Any CPU
		{40CADB16-0C85-4EC6-874A-349FBDB9204F}.Debug|Any CPU.ActiveCfg = Debug|Any CPU
		{40CADB16-0C85-4EC6-874A-349FBDB9204F}.Debug|Any CPU.Build.0 = Debug|Any CPU
		{40CADB16-0C85-4EC6-874A-349FBDB9204F}.Release|Any CPU.ActiveCfg = Release|Any CPU
		{40CADB16-0C85-4EC6-874A-349FBDB9204F}.Release|Any CPU.Build.0 = Release|Any CPU
		{6329B633-F93E-492C-BB28-9D4FBD0CE61F}.Debug|Any CPU.ActiveCfg = Debug|Any CPU
		{6329B633-F93E-492C-BB28-9D4FBD0CE61F}.Debug|Any CPU.Build.0 = Debug|Any CPU
		{6329B633-F93E-492C-BB28-9D4FBD0CE61F}.Release|Any CPU.ActiveCfg = Release|Any CPU
		{6329B633-F93E-492C-BB28-9D4FBD0CE61F}.Release|Any CPU.Build.0 = Release|Any CPU
		{5FCB66FA-510F-445D-A2FE-BF6710B8B0B9}.Debug|Any CPU.ActiveCfg = Debug|Any CPU
		{5FCB66FA-510F-445D-A2FE-BF6710B8B0B9}.Debug|Any CPU.Build.0 = Debug|Any CPU
		{5FCB66FA-510F-445D-A2FE-BF6710B8B0B9}.Release|Any CPU.ActiveCfg = Release|Any CPU
		{5FCB66FA-510F-445D-A2FE-BF6710B8B0B9}.Release|Any CPU.Build.0 = Release|Any CPU
	EndGlobalSection
	GlobalSection(SolutionProperties) = preSolution
		HideSolutionNode = FALSE
	EndGlobalSection
	GlobalSection(ExtensibilityGlobals) = postSolution
		SolutionGuid = {43F0B2DA-AE8E-4780-8C38-9150E44C5937}
	EndGlobalSection
EndGlobal
