
Microsoft Visual Studio Solution File, Format Version 12.00
# Visual Studio Version 17
VisualStudioVersion = 17.3.32804.467
MinimumVisualStudioVersion = 10.0.40219.1
Project("{FAE04EC0-301F-11D3-BF4B-00C04F79EFBC}") = "003_HW", "003_HW.csproj", "{F4AD32FC-766A-49E9-A407-620EB4AE5691}"
EndProject
Project("{FAE04EC0-301F-11D3-BF4B-00C04F79EFBC}") = "004_HW", "..\004_HW\004_HW.csproj", "{84E465C2-070B-45D3-B090-CA69C409FB10}"
EndProject
Project("{FAE04EC0-301F-11D3-BF4B-00C04F79EFBC}") = "005_HW", "..\005_HW\005_HW.csproj", "{79927136-12EF-42CB-97F5-0C93767CBA16}"
EndProject
Project("{FAE04EC0-301F-11D3-BF4B-00C04F79EFBC}") = "006_HW", "..\006_HW\006_HW.csproj", "{44EECB27-863C-419C-A2CA-DD2F2E11BE64}"
EndProject
Global
	GlobalSection(SolutionConfigurationPlatforms) = preSolution
		Debug|Any CPU = Debug|Any CPU
		Release|Any CPU = Release|Any CPU
	EndGlobalSection
	GlobalSection(ProjectConfigurationPlatforms) = postSolution
		{F4AD32FC-766A-49E9-A407-620EB4AE5691}.Debug|Any CPU.ActiveCfg = Debug|Any CPU
		{F4AD32FC-766A-49E9-A407-620EB4AE5691}.Debug|Any CPU.Build.0 = Debug|Any CPU
		{F4AD32FC-766A-49E9-A407-620EB4AE5691}.Release|Any CPU.ActiveCfg = Release|Any CPU
		{F4AD32FC-766A-49E9-A407-620EB4AE5691}.Release|Any CPU.Build.0 = Release|Any CPU
		{84E465C2-070B-45D3-B090-CA69C409FB10}.Debug|Any CPU.ActiveCfg = Debug|Any CPU
		{84E465C2-070B-45D3-B090-CA69C409FB10}.Debug|Any CPU.Build.0 = Debug|Any CPU
		{84E465C2-070B-45D3-B090-CA69C409FB10}.Release|Any CPU.ActiveCfg = Release|Any CPU
		{84E465C2-070B-45D3-B090-CA69C409FB10}.Release|Any CPU.Build.0 = Release|Any CPU
		{79927136-12EF-42CB-97F5-0C93767CBA16}.Debug|Any CPU.ActiveCfg = Debug|Any CPU
		{79927136-12EF-42CB-97F5-0C93767CBA16}.Debug|Any CPU.Build.0 = Debug|Any CPU
		{79927136-12EF-42CB-97F5-0C93767CBA16}.Release|Any CPU.ActiveCfg = Release|Any CPU
		{79927136-12EF-42CB-97F5-0C93767CBA16}.Release|Any CPU.Build.0 = Release|Any CPU
		{44EECB27-863C-419C-A2CA-DD2F2E11BE64}.Debug|Any CPU.ActiveCfg = Debug|Any CPU
		{44EECB27-863C-419C-A2CA-DD2F2E11BE64}.Debug|Any CPU.Build.0 = Debug|Any CPU
		{44EECB27-863C-419C-A2CA-DD2F2E11BE64}.Release|Any CPU.ActiveCfg = Release|Any CPU
		{44EECB27-863C-419C-A2CA-DD2F2E11BE64}.Release|Any CPU.Build.0 = Release|Any CPU
	EndGlobalSection
	GlobalSection(SolutionProperties) = preSolution
		HideSolutionNode = FALSE
	EndGlobalSection
	GlobalSection(ExtensibilityGlobals) = postSolution
		SolutionGuid = {2DE7B939-1270-4B3C-8646-1E9BF44DE743}
	EndGlobalSection
EndGlobal
