
Microsoft Visual Studio Solution File, Format Version 12.00
# Visual Studio Version 17
VisualStudioVersion = 17.3.32804.467
MinimumVisualStudioVersion = 10.0.40219.1
Project("{FAE04EC0-301F-11D3-BF4B-00C04F79EFBC}") = "001", "001\001.csproj", "{0B7386C0-E61E-4ABB-AB18-8E83572BFB7D}"
EndProject
Project("{FAE04EC0-301F-11D3-BF4B-00C04F79EFBC}") = "002", "002\002.csproj", "{301B5E2F-BBA5-4B4E-BE27-8426239A2018}"
EndProject
Project("{FAE04EC0-301F-11D3-BF4B-00C04F79EFBC}") = "003", "003\003.csproj", "{89414B2A-F156-4D4D-AFFA-E522CD1894A1}"
EndProject
Project("{FAE04EC0-301F-11D3-BF4B-00C04F79EFBC}") = "002-1", "002-1\002-1.csproj", "{2374A11E-9778-44BD-A3ED-98AEBF30AE46}"
EndProject
Global
	GlobalSection(SolutionConfigurationPlatforms) = preSolution
		Debug|Any CPU = Debug|Any CPU
		Release|Any CPU = Release|Any CPU
	EndGlobalSection
	GlobalSection(ProjectConfigurationPlatforms) = postSolution
		{0B7386C0-E61E-4ABB-AB18-8E83572BFB7D}.Debug|Any CPU.ActiveCfg = Debug|Any CPU
		{0B7386C0-E61E-4ABB-AB18-8E83572BFB7D}.Debug|Any CPU.Build.0 = Debug|Any CPU
		{0B7386C0-E61E-4ABB-AB18-8E83572BFB7D}.Release|Any CPU.ActiveCfg = Release|Any CPU
		{0B7386C0-E61E-4ABB-AB18-8E83572BFB7D}.Release|Any CPU.Build.0 = Release|Any CPU
		{301B5E2F-BBA5-4B4E-BE27-8426239A2018}.Debug|Any CPU.ActiveCfg = Debug|Any CPU
		{301B5E2F-BBA5-4B4E-BE27-8426239A2018}.Debug|Any CPU.Build.0 = Debug|Any CPU
		{301B5E2F-BBA5-4B4E-BE27-8426239A2018}.Release|Any CPU.ActiveCfg = Release|Any CPU
		{301B5E2F-BBA5-4B4E-BE27-8426239A2018}.Release|Any CPU.Build.0 = Release|Any CPU
		{89414B2A-F156-4D4D-AFFA-E522CD1894A1}.Debug|Any CPU.ActiveCfg = Debug|Any CPU
		{89414B2A-F156-4D4D-AFFA-E522CD1894A1}.Debug|Any CPU.Build.0 = Debug|Any CPU
		{89414B2A-F156-4D4D-AFFA-E522CD1894A1}.Release|Any CPU.ActiveCfg = Release|Any CPU
		{89414B2A-F156-4D4D-AFFA-E522CD1894A1}.Release|Any CPU.Build.0 = Release|Any CPU
		{2374A11E-9778-44BD-A3ED-98AEBF30AE46}.Debug|Any CPU.ActiveCfg = Debug|Any CPU
		{2374A11E-9778-44BD-A3ED-98AEBF30AE46}.Debug|Any CPU.Build.0 = Debug|Any CPU
		{2374A11E-9778-44BD-A3ED-98AEBF30AE46}.Release|Any CPU.ActiveCfg = Release|Any CPU
		{2374A11E-9778-44BD-A3ED-98AEBF30AE46}.Release|Any CPU.Build.0 = Release|Any CPU
	EndGlobalSection
	GlobalSection(SolutionProperties) = preSolution
		HideSolutionNode = FALSE
	EndGlobalSection
	GlobalSection(ExtensibilityGlobals) = postSolution
		SolutionGuid = {7B121BA2-1A11-4C7F-A8CE-DC09CAEA0C46}
	EndGlobalSection
EndGlobal
