
Microsoft Visual Studio Solution File, Format Version 12.00
# Visual Studio Version 17
VisualStudioVersion = 17.3.32804.467
MinimumVisualStudioVersion = 10.0.40219.1
Project("{FAE04EC0-301F-11D3-BF4B-00C04F79EFBC}") = "Matrix", "Matrix.csproj", "{AB312DC5-C384-46AE-855F-C01429B14716}"
EndProject
Global
	GlobalSection(SolutionConfigurationPlatforms) = preSolution
		Debug|Any CPU = Debug|Any CPU
		Release|Any CPU = Release|Any CPU
	EndGlobalSection
	GlobalSection(ProjectConfigurationPlatforms) = postSolution
		{AB312DC5-C384-46AE-855F-C01429B14716}.Debug|Any CPU.ActiveCfg = Debug|Any CPU
		{AB312DC5-C384-46AE-855F-C01429B14716}.Debug|Any CPU.Build.0 = Debug|Any CPU
		{AB312DC5-C384-46AE-855F-C01429B14716}.Release|Any CPU.ActiveCfg = Release|Any CPU
		{AB312DC5-C384-46AE-855F-C01429B14716}.Release|Any CPU.Build.0 = Release|Any CPU
	EndGlobalSection
	GlobalSection(SolutionProperties) = preSolution
		HideSolutionNode = FALSE
	EndGlobalSection
	GlobalSection(ExtensibilityGlobals) = postSolution
		SolutionGuid = {A8F4625D-CA24-4AB1-BD93-399EA3F5DBE2}
	EndGlobalSection
EndGlobal
